{
  "name": "sss",
  "lockfileVersion": 3,
  "requires": true,
  "packages": {
    "": {
      "dependencies": {
        "shamir-secret-sharing": "^0.0.4"
      }
    },
    "node_modules/shamir-secret-sharing": {
      "version": "0.0.4",
      "resolved": "https://registry.npmjs.org/shamir-secret-sharing/-/shamir-secret-sharing-0.0.4.tgz",
      "integrity": "sha512-ui8u/cIg2j16b9on/LH3V/glL6wHdwiTo/Iajzqx0STniBvuOzl6VYUxhrow3waF0dggovJfYiBZSWfTAN4XLQ==",
      "license": "Apache-2.0"
    }
  }
}
